
Microsoft Visual Studio Solution File, Format Version 12.00
# Visual Studio 15
VisualStudioVersion = 15.0.27428.2015
MinimumVisualStudioVersion = 10.0.40219.1
Project("{FAE04EC0-301F-11D3-BF4B-00C04F79EFBC}") = "VoetbalTicketStore", "VoetbalTicketStore\VoetbalTicketStore.csproj", "{DB0286D1-5E91-470C-89A6-D88D9BC6593B}"
EndProject
Project("{FAE04EC0-301F-11D3-BF4B-00C04F79EFBC}") = "VoetbalTicketStore.Tests", "VoetbalTicketStore.Tests\VoetbalTicketStore.Tests.csproj", "{FFAB8510-7CF3-49B2-83D8-C400C088BA7D}"
EndProject
Project("{FAE04EC0-301F-11D3-BF4B-00C04F79EFBC}") = "VoetbalTicketStore.DAO", "VoetbalTicketStore.DAO\VoetbalTicketStore.DAO.csproj", "{181D5AA2-D66D-4B0E-9745-C2A201522C81}"
EndProject
Project("{FAE04EC0-301F-11D3-BF4B-00C04F79EFBC}") = "VoetbalTicketStore.Service", "VoetbalTicketStore.Service\VoetbalTicketStore.Service.csproj", "{201FE612-0E4D-44BC-A070-C40114DAB671}"
EndProject
Project("{FAE04EC0-301F-11D3-BF4B-00C04F79EFBC}") = "VoetbalTicketStore.Models", "VoetbalTicketStore.Models\VoetbalTicketStore.Models.csproj", "{4374D90E-DEF2-4349-9293-C4E3D7D913B1}"
EndProject
Global
	GlobalSection(SolutionConfigurationPlatforms) = preSolution
		Debug|Any CPU = Debug|Any CPU
		Release|Any CPU = Release|Any CPU
	EndGlobalSection
	GlobalSection(ProjectConfigurationPlatforms) = postSolution
		{DB0286D1-5E91-470C-89A6-D88D9BC6593B}.Debug|Any CPU.ActiveCfg = Debug|Any CPU
		{DB0286D1-5E91-470C-89A6-D88D9BC6593B}.Debug|Any CPU.Build.0 = Debug|Any CPU
		{DB0286D1-5E91-470C-89A6-D88D9BC6593B}.Release|Any CPU.ActiveCfg = Release|Any CPU
		{DB0286D1-5E91-470C-89A6-D88D9BC6593B}.Release|Any CPU.Build.0 = Release|Any CPU
		{FFAB8510-7CF3-49B2-83D8-C400C088BA7D}.Debug|Any CPU.ActiveCfg = Debug|Any CPU
		{FFAB8510-7CF3-49B2-83D8-C400C088BA7D}.Debug|Any CPU.Build.0 = Debug|Any CPU
		{FFAB8510-7CF3-49B2-83D8-C400C088BA7D}.Release|Any CPU.ActiveCfg = Release|Any CPU
		{FFAB8510-7CF3-49B2-83D8-C400C088BA7D}.Release|Any CPU.Build.0 = Release|Any CPU
		{181D5AA2-D66D-4B0E-9745-C2A201522C81}.Debug|Any CPU.ActiveCfg = Debug|Any CPU
		{181D5AA2-D66D-4B0E-9745-C2A201522C81}.Debug|Any CPU.Build.0 = Debug|Any CPU
		{181D5AA2-D66D-4B0E-9745-C2A201522C81}.Release|Any CPU.ActiveCfg = Release|Any CPU
		{181D5AA2-D66D-4B0E-9745-C2A201522C81}.Release|Any CPU.Build.0 = Release|Any CPU
		{201FE612-0E4D-44BC-A070-C40114DAB671}.Debug|Any CPU.ActiveCfg = Debug|Any CPU
		{201FE612-0E4D-44BC-A070-C40114DAB671}.Debug|Any CPU.Build.0 = Debug|Any CPU
		{201FE612-0E4D-44BC-A070-C40114DAB671}.Release|Any CPU.ActiveCfg = Release|Any CPU
		{201FE612-0E4D-44BC-A070-C40114DAB671}.Release|Any CPU.Build.0 = Release|Any CPU
		{4374D90E-DEF2-4349-9293-C4E3D7D913B1}.Debug|Any CPU.ActiveCfg = Debug|Any CPU
		{4374D90E-DEF2-4349-9293-C4E3D7D913B1}.Debug|Any CPU.Build.0 = Debug|Any CPU
		{4374D90E-DEF2-4349-9293-C4E3D7D913B1}.Release|Any CPU.ActiveCfg = Release|Any CPU
		{4374D90E-DEF2-4349-9293-C4E3D7D913B1}.Release|Any CPU.Build.0 = Release|Any CPU
	EndGlobalSection
	GlobalSection(SolutionProperties) = preSolution
		HideSolutionNode = FALSE
	EndGlobalSection
	GlobalSection(ExtensibilityGlobals) = postSolution
		SolutionGuid = {51480F9C-003C-4A40-9E8E-69826D43A26F}
	EndGlobalSection
EndGlobal
